
Microsoft Visual Studio Solution File, Format Version 12.00
# Visual Studio Version 16
VisualStudioVersion = 16.0.30907.101
MinimumVisualStudioVersion = 10.0.40219.1
Project("{FAE04EC0-301F-11D3-BF4B-00C04F79EFBC}") = "gitapp", "gitapp\gitapp.csproj", "{317790FC-F192-4FED-8844-77A238C14162}"
EndProject
Global
	GlobalSection(SolutionConfigurationPlatforms) = preSolution
		Debug|Any CPU = Debug|Any CPU
		Release|Any CPU = Release|Any CPU
	EndGlobalSection
	GlobalSection(ProjectConfigurationPlatforms) = postSolution
		{317790FC-F192-4FED-8844-77A238C14162}.Debug|Any CPU.ActiveCfg = Debug|Any CPU
		{317790FC-F192-4FED-8844-77A238C14162}.Debug|Any CPU.Build.0 = Debug|Any CPU
		{317790FC-F192-4FED-8844-77A238C14162}.Release|Any CPU.ActiveCfg = Release|Any CPU
		{317790FC-F192-4FED-8844-77A238C14162}.Release|Any CPU.Build.0 = Release|Any CPU
	EndGlobalSection
	GlobalSection(SolutionProperties) = preSolution
		HideSolutionNode = FALSE
	EndGlobalSection
	GlobalSection(ExtensibilityGlobals) = postSolution
		SolutionGuid = {CF7F359D-2910-4BC2-92EB-02A3B2C668DF}
	EndGlobalSection
EndGlobal
